
Microsoft Visual Studio Solution File, Format Version 12.00
# Visual Studio Version 17
VisualStudioVersion = 17.1.32421.90
MinimumVisualStudioVersion = 10.0.40219.1
Project("{FAE04EC0-301F-11D3-BF4B-00C04F79EFBC}") = "Web", "Web\Web.csproj", "{02C9B782-B3F0-45FC-AAF9-FD1C3EE26B1A}"
EndProject
Project("{FAE04EC0-301F-11D3-BF4B-00C04F79EFBC}") = "Core", "Core\Core.csproj", "{B2C3CC5C-49DB-42BF-A834-48BD68CA5FB2}"
EndProject
Global
	GlobalSection(SolutionConfigurationPlatforms) = preSolution
		Debug|Any CPU = Debug|Any CPU
		Release|Any CPU = Release|Any CPU
	EndGlobalSection
	GlobalSection(ProjectConfigurationPlatforms) = postSolution
		{02C9B782-B3F0-45FC-AAF9-FD1C3EE26B1A}.Debug|Any CPU.ActiveCfg = Debug|Any CPU
		{02C9B782-B3F0-45FC-AAF9-FD1C3EE26B1A}.Debug|Any CPU.Build.0 = Debug|Any CPU
		{02C9B782-B3F0-45FC-AAF9-FD1C3EE26B1A}.Release|Any CPU.ActiveCfg = Release|Any CPU
		{02C9B782-B3F0-45FC-AAF9-FD1C3EE26B1A}.Release|Any CPU.Build.0 = Release|Any CPU
		{B2C3CC5C-49DB-42BF-A834-48BD68CA5FB2}.Debug|Any CPU.ActiveCfg = Debug|Any CPU
		{B2C3CC5C-49DB-42BF-A834-48BD68CA5FB2}.Debug|Any CPU.Build.0 = Debug|Any CPU
		{B2C3CC5C-49DB-42BF-A834-48BD68CA5FB2}.Release|Any CPU.ActiveCfg = Release|Any CPU
		{B2C3CC5C-49DB-42BF-A834-48BD68CA5FB2}.Release|Any CPU.Build.0 = Release|Any CPU
	EndGlobalSection
	GlobalSection(SolutionProperties) = preSolution
		HideSolutionNode = FALSE
	EndGlobalSection
	GlobalSection(ExtensibilityGlobals) = postSolution
		SolutionGuid = {666531B2-1D19-4C3B-A4A6-B8C2CE4E35FF}
	EndGlobalSection
EndGlobal
